
Microsoft Visual Studio Solution File, Format Version 12.00
# Visual Studio Version 16
VisualStudioVersion = 16.0.32126.315
MinimumVisualStudioVersion = 10.0.40219.1
Project("{FAE04EC0-301F-11D3-BF4B-00C04F79EFBC}") = "ControllerSpoof", "ControllerSpoof\ControllerSpoof.csproj", "{E69C7208-1F9E-4D86-A237-8C44A377F703}"
EndProject
Global
	GlobalSection(SolutionConfigurationPlatforms) = preSolution
		Debug|Any CPU = Debug|Any CPU
		Release|Any CPU = Release|Any CPU
	EndGlobalSection
	GlobalSection(ProjectConfigurationPlatforms) = postSolution
		{E69C7208-1F9E-4D86-A237-8C44A377F703}.Debug|Any CPU.ActiveCfg = Debug|Any CPU
		{E69C7208-1F9E-4D86-A237-8C44A377F703}.Debug|Any CPU.Build.0 = Debug|Any CPU
		{E69C7208-1F9E-4D86-A237-8C44A377F703}.Release|Any CPU.ActiveCfg = Release|Any CPU
		{E69C7208-1F9E-4D86-A237-8C44A377F703}.Release|Any CPU.Build.0 = Release|Any CPU
	EndGlobalSection
	GlobalSection(SolutionProperties) = preSolution
		HideSolutionNode = FALSE
	EndGlobalSection
	GlobalSection(ExtensibilityGlobals) = postSolution
		SolutionGuid = {83C5F959-103A-48F9-A02D-BB7EED3B83C8}
	EndGlobalSection
EndGlobal
